
Microsoft Visual Studio Solution File, Format Version 12.00
# Visual Studio Version 17
VisualStudioVersion = 17.3.32901.215
MinimumVisualStudioVersion = 10.0.40219.1
Project("{FAE04EC0-301F-11D3-BF4B-00C04F79EFBC}") = "01.Lab-IntroAndBasicSyntax", "01.Lab-IntroAndBasicSyntax\01.Lab-IntroAndBasicSyntax.csproj", "{17A63D6A-C6B5-4356-98F5-9B16FD0F716B}"
EndProject
Project("{FAE04EC0-301F-11D3-BF4B-00C04F79EFBC}") = "02.Pased", "02.Pased\02.Pased.csproj", "{151A41D3-5C66-40E5-BF8E-4E0845FDC30F}"
EndProject
Project("{FAE04EC0-301F-11D3-BF4B-00C04F79EFBC}") = "03.PassedOrFailed", "03.PassedOrFailed\03.PassedOrFailed.csproj", "{8B75AEF7-4074-4606-A502-2DF22ED379C6}"
EndProject
Project("{FAE04EC0-301F-11D3-BF4B-00C04F79EFBC}") = "04. BackIn30Minutes", "04. BackIn30Minutes\04. BackIn30Minutes.csproj", "{C293A0F7-8645-4824-96A5-092B5ADBE1DE}"
EndProject
Project("{FAE04EC0-301F-11D3-BF4B-00C04F79EFBC}") = "05.MonthPrinter", "05.MonthPrinter\05.MonthPrinter.csproj", "{B0FE1D5C-EBA6-439F-A0BC-356F9B7C13E7}"
EndProject
Project("{FAE04EC0-301F-11D3-BF4B-00C04F79EFBC}") = "06.ForeignLanguages", "6.ForeignLanguages\06.ForeignLanguages.csproj", "{2B3550C5-6C5A-45F8-82B0-FD3B534AF16E}"
EndProject
Project("{FAE04EC0-301F-11D3-BF4B-00C04F79EFBC}") = "07.TheatrePromotion", "07.TheatrePromotion\07.TheatrePromotion.csproj", "{5B3916ED-861B-454F-BC75-6AC596140690}"
EndProject
Global
	GlobalSection(SolutionConfigurationPlatforms) = preSolution
		Debug|Any CPU = Debug|Any CPU
		Release|Any CPU = Release|Any CPU
	EndGlobalSection
	GlobalSection(ProjectConfigurationPlatforms) = postSolution
		{17A63D6A-C6B5-4356-98F5-9B16FD0F716B}.Debug|Any CPU.ActiveCfg = Debug|Any CPU
		{17A63D6A-C6B5-4356-98F5-9B16FD0F716B}.Debug|Any CPU.Build.0 = Debug|Any CPU
		{17A63D6A-C6B5-4356-98F5-9B16FD0F716B}.Release|Any CPU.ActiveCfg = Release|Any CPU
		{17A63D6A-C6B5-4356-98F5-9B16FD0F716B}.Release|Any CPU.Build.0 = Release|Any CPU
		{151A41D3-5C66-40E5-BF8E-4E0845FDC30F}.Debug|Any CPU.ActiveCfg = Debug|Any CPU
		{151A41D3-5C66-40E5-BF8E-4E0845FDC30F}.Debug|Any CPU.Build.0 = Debug|Any CPU
		{151A41D3-5C66-40E5-BF8E-4E0845FDC30F}.Release|Any CPU.ActiveCfg = Release|Any CPU
		{151A41D3-5C66-40E5-BF8E-4E0845FDC30F}.Release|Any CPU.Build.0 = Release|Any CPU
		{8B75AEF7-4074-4606-A502-2DF22ED379C6}.Debug|Any CPU.ActiveCfg = Debug|Any CPU
		{8B75AEF7-4074-4606-A502-2DF22ED379C6}.Debug|Any CPU.Build.0 = Debug|Any CPU
		{8B75AEF7-4074-4606-A502-2DF22ED379C6}.Release|Any CPU.ActiveCfg = Release|Any CPU
		{8B75AEF7-4074-4606-A502-2DF22ED379C6}.Release|Any CPU.Build.0 = Release|Any CPU
		{C293A0F7-8645-4824-96A5-092B5ADBE1DE}.Debug|Any CPU.ActiveCfg = Debug|Any CPU
		{C293A0F7-8645-4824-96A5-092B5ADBE1DE}.Debug|Any CPU.Build.0 = Debug|Any CPU
		{C293A0F7-8645-4824-96A5-092B5ADBE1DE}.Release|Any CPU.ActiveCfg = Release|Any CPU
		{C293A0F7-8645-4824-96A5-092B5ADBE1DE}.Release|Any CPU.Build.0 = Release|Any CPU
		{B0FE1D5C-EBA6-439F-A0BC-356F9B7C13E7}.Debug|Any CPU.ActiveCfg = Debug|Any CPU
		{B0FE1D5C-EBA6-439F-A0BC-356F9B7C13E7}.Debug|Any CPU.Build.0 = Debug|Any CPU
		{B0FE1D5C-EBA6-439F-A0BC-356F9B7C13E7}.Release|Any CPU.ActiveCfg = Release|Any CPU
		{B0FE1D5C-EBA6-439F-A0BC-356F9B7C13E7}.Release|Any CPU.Build.0 = Release|Any CPU
		{2B3550C5-6C5A-45F8-82B0-FD3B534AF16E}.Debug|Any CPU.ActiveCfg = Debug|Any CPU
		{2B3550C5-6C5A-45F8-82B0-FD3B534AF16E}.Debug|Any CPU.Build.0 = Debug|Any CPU
		{2B3550C5-6C5A-45F8-82B0-FD3B534AF16E}.Release|Any CPU.ActiveCfg = Release|Any CPU
		{2B3550C5-6C5A-45F8-82B0-FD3B534AF16E}.Release|Any CPU.Build.0 = Release|Any CPU
		{5B3916ED-861B-454F-BC75-6AC596140690}.Debug|Any CPU.ActiveCfg = Debug|Any CPU
		{5B3916ED-861B-454F-BC75-6AC596140690}.Debug|Any CPU.Build.0 = Debug|Any CPU
		{5B3916ED-861B-454F-BC75-6AC596140690}.Release|Any CPU.ActiveCfg = Release|Any CPU
		{5B3916ED-861B-454F-BC75-6AC596140690}.Release|Any CPU.Build.0 = Release|Any CPU
	EndGlobalSection
	GlobalSection(SolutionProperties) = preSolution
		HideSolutionNode = FALSE
	EndGlobalSection
	GlobalSection(ExtensibilityGlobals) = postSolution
		SolutionGuid = {9117B5B5-9D35-4E7F-8907-C08709EF716B}
	EndGlobalSection
EndGlobal
