
Microsoft Visual Studio Solution File, Format Version 12.00
# Visual Studio Version 17
VisualStudioVersion = 17.9.34622.214
MinimumVisualStudioVersion = 10.0.40219.1
Project("{9A19103F-16F7-4668-BE54-9A1E7A4F7556}") = "01.SignIntegerNumbers", "..\01.SignIntegerNumbers\01.SignIntegerNumbers.csproj", "{D7FDD49B-3E14-45EB-84A6-146B989BBD91}"
EndProject
Project("{9A19103F-16F7-4668-BE54-9A1E7A4F7556}") = "02.Grades", "..\02.Grades\02.Grades.csproj", "{671FE91B-878C-4FBA-BB37-64C012A98853}"
EndProject
Project("{9A19103F-16F7-4668-BE54-9A1E7A4F7556}") = "03.Calculations", "03.Calculations\03.Calculations.csproj", "{ED2BD0D5-7505-4FE5-9C0C-C70077C1E3AA}"
EndProject
Project("{9A19103F-16F7-4668-BE54-9A1E7A4F7556}") = "04.PrintingTriangle", "04.PrintingTriangle\04.PrintingTriangle.csproj", "{093AE918-93CF-4FE6-8CF5-81BE649901EC}"
EndProject
Project("{9A19103F-16F7-4668-BE54-9A1E7A4F7556}") = "05.Orders", "05.Orders\05.Orders.csproj", "{0076F2F5-3AC3-448A-9ECE-7BF5E7C0C791}"
EndProject
Project("{9A19103F-16F7-4668-BE54-9A1E7A4F7556}") = "06.CalculateRectangleArea", "06.CalculateRectangleArea\06.CalculateRectangleArea.csproj", "{81E78172-980A-478A-84E3-E069F3675491}"
EndProject
Project("{9A19103F-16F7-4668-BE54-9A1E7A4F7556}") = "07.RepeatString", "07.RepeatString\07.RepeatString.csproj", "{8AFB01D8-150F-4C15-8334-D0F508CE48E8}"
EndProject
Project("{FAE04EC0-301F-11D3-BF4B-00C04F79EFBC}") = "08.MathPower", "08.MathPower\08.MathPower.csproj", "{84845F08-52E7-49EB-A950-38DEE47653D2}"
EndProject
Project("{FAE04EC0-301F-11D3-BF4B-00C04F79EFBC}") = "09.GreaterTwoValues", "09.GreaterTwoValues\09.GreaterTwoValues.csproj", "{5EB8B47A-3AAE-421B-B8DF-A1B56140F974}"
EndProject
Project("{FAE04EC0-301F-11D3-BF4B-00C04F79EFBC}") = "10.MultiplyEvensByOdds", "10.MultiplyEvensByOdds\10.MultiplyEvensByOdds.csproj", "{36DCB2E4-E4B5-4F42-AEAE-C3FEACABAB5F}"
EndProject
Project("{FAE04EC0-301F-11D3-BF4B-00C04F79EFBC}") = "11.MathOperations", "11.MathOperations\11.MathOperations.csproj", "{090CE338-E54B-4B4A-8702-986A0147DA2A}"
EndProject
Global
	GlobalSection(SolutionConfigurationPlatforms) = preSolution
		Debug|Any CPU = Debug|Any CPU
		Release|Any CPU = Release|Any CPU
	EndGlobalSection
	GlobalSection(ProjectConfigurationPlatforms) = postSolution
		{D7FDD49B-3E14-45EB-84A6-146B989BBD91}.Debug|Any CPU.ActiveCfg = Debug|Any CPU
		{D7FDD49B-3E14-45EB-84A6-146B989BBD91}.Debug|Any CPU.Build.0 = Debug|Any CPU
		{D7FDD49B-3E14-45EB-84A6-146B989BBD91}.Release|Any CPU.ActiveCfg = Release|Any CPU
		{D7FDD49B-3E14-45EB-84A6-146B989BBD91}.Release|Any CPU.Build.0 = Release|Any CPU
		{671FE91B-878C-4FBA-BB37-64C012A98853}.Debug|Any CPU.ActiveCfg = Debug|Any CPU
		{671FE91B-878C-4FBA-BB37-64C012A98853}.Debug|Any CPU.Build.0 = Debug|Any CPU
		{671FE91B-878C-4FBA-BB37-64C012A98853}.Release|Any CPU.ActiveCfg = Release|Any CPU
		{671FE91B-878C-4FBA-BB37-64C012A98853}.Release|Any CPU.Build.0 = Release|Any CPU
		{ED2BD0D5-7505-4FE5-9C0C-C70077C1E3AA}.Debug|Any CPU.ActiveCfg = Debug|Any CPU
		{ED2BD0D5-7505-4FE5-9C0C-C70077C1E3AA}.Debug|Any CPU.Build.0 = Debug|Any CPU
		{ED2BD0D5-7505-4FE5-9C0C-C70077C1E3AA}.Release|Any CPU.ActiveCfg = Release|Any CPU
		{ED2BD0D5-7505-4FE5-9C0C-C70077C1E3AA}.Release|Any CPU.Build.0 = Release|Any CPU
		{093AE918-93CF-4FE6-8CF5-81BE649901EC}.Debug|Any CPU.ActiveCfg = Debug|Any CPU
		{093AE918-93CF-4FE6-8CF5-81BE649901EC}.Debug|Any CPU.Build.0 = Debug|Any CPU
		{093AE918-93CF-4FE6-8CF5-81BE649901EC}.Release|Any CPU.ActiveCfg = Release|Any CPU
		{093AE918-93CF-4FE6-8CF5-81BE649901EC}.Release|Any CPU.Build.0 = Release|Any CPU
		{0076F2F5-3AC3-448A-9ECE-7BF5E7C0C791}.Debug|Any CPU.ActiveCfg = Debug|Any CPU
		{0076F2F5-3AC3-448A-9ECE-7BF5E7C0C791}.Debug|Any CPU.Build.0 = Debug|Any CPU
		{0076F2F5-3AC3-448A-9ECE-7BF5E7C0C791}.Release|Any CPU.ActiveCfg = Release|Any CPU
		{0076F2F5-3AC3-448A-9ECE-7BF5E7C0C791}.Release|Any CPU.Build.0 = Release|Any CPU
		{81E78172-980A-478A-84E3-E069F3675491}.Debug|Any CPU.ActiveCfg = Debug|Any CPU
		{81E78172-980A-478A-84E3-E069F3675491}.Debug|Any CPU.Build.0 = Debug|Any CPU
		{81E78172-980A-478A-84E3-E069F3675491}.Release|Any CPU.ActiveCfg = Release|Any CPU
		{81E78172-980A-478A-84E3-E069F3675491}.Release|Any CPU.Build.0 = Release|Any CPU
		{8AFB01D8-150F-4C15-8334-D0F508CE48E8}.Debug|Any CPU.ActiveCfg = Debug|Any CPU
		{8AFB01D8-150F-4C15-8334-D0F508CE48E8}.Debug|Any CPU.Build.0 = Debug|Any CPU
		{8AFB01D8-150F-4C15-8334-D0F508CE48E8}.Release|Any CPU.ActiveCfg = Release|Any CPU
		{8AFB01D8-150F-4C15-8334-D0F508CE48E8}.Release|Any CPU.Build.0 = Release|Any CPU
		{84845F08-52E7-49EB-A950-38DEE47653D2}.Debug|Any CPU.ActiveCfg = Debug|Any CPU
		{84845F08-52E7-49EB-A950-38DEE47653D2}.Debug|Any CPU.Build.0 = Debug|Any CPU
		{84845F08-52E7-49EB-A950-38DEE47653D2}.Release|Any CPU.ActiveCfg = Release|Any CPU
		{84845F08-52E7-49EB-A950-38DEE47653D2}.Release|Any CPU.Build.0 = Release|Any CPU
		{5EB8B47A-3AAE-421B-B8DF-A1B56140F974}.Debug|Any CPU.ActiveCfg = Debug|Any CPU
		{5EB8B47A-3AAE-421B-B8DF-A1B56140F974}.Debug|Any CPU.Build.0 = Debug|Any CPU
		{5EB8B47A-3AAE-421B-B8DF-A1B56140F974}.Release|Any CPU.ActiveCfg = Release|Any CPU
		{5EB8B47A-3AAE-421B-B8DF-A1B56140F974}.Release|Any CPU.Build.0 = Release|Any CPU
		{36DCB2E4-E4B5-4F42-AEAE-C3FEACABAB5F}.Debug|Any CPU.ActiveCfg = Debug|Any CPU
		{36DCB2E4-E4B5-4F42-AEAE-C3FEACABAB5F}.Debug|Any CPU.Build.0 = Debug|Any CPU
		{36DCB2E4-E4B5-4F42-AEAE-C3FEACABAB5F}.Release|Any CPU.ActiveCfg = Release|Any CPU
		{36DCB2E4-E4B5-4F42-AEAE-C3FEACABAB5F}.Release|Any CPU.Build.0 = Release|Any CPU
		{090CE338-E54B-4B4A-8702-986A0147DA2A}.Debug|Any CPU.ActiveCfg = Debug|Any CPU
		{090CE338-E54B-4B4A-8702-986A0147DA2A}.Debug|Any CPU.Build.0 = Debug|Any CPU
		{090CE338-E54B-4B4A-8702-986A0147DA2A}.Release|Any CPU.ActiveCfg = Release|Any CPU
		{090CE338-E54B-4B4A-8702-986A0147DA2A}.Release|Any CPU.Build.0 = Release|Any CPU
	EndGlobalSection
	GlobalSection(SolutionProperties) = preSolution
		HideSolutionNode = FALSE
	EndGlobalSection
	GlobalSection(ExtensibilityGlobals) = postSolution
		SolutionGuid = {EB83C6BB-C4FE-4B1F-A8E3-D8B8BFEB4D25}
	EndGlobalSection
EndGlobal
